
Microsoft Visual Studio Solution File, Format Version 12.00
# Visual Studio 15
VisualStudioVersion = 15.0.28307.852
MinimumVisualStudioVersion = 10.0.40219.1
Project("{2150E333-8FDC-42A3-9474-1A3956D46DE8}") = "Framework", "Framework", "{D03C5798-BF31-47CD-BA6C-FB10E9373E43}"
EndProject
Project("{2150E333-8FDC-42A3-9474-1A3956D46DE8}") = "Unittests", "Unittests", "{6BCFD8FD-A59A-44BF-A666-D7EA0CE51C79}"
EndProject
Project("{2150E333-8FDC-42A3-9474-1A3956D46DE8}") = "VGP242", "VGP242", "{16B616C5-FAFB-453B-AACD-C7199684BAFD}"
EndProject
Project("{2150E333-8FDC-42A3-9474-1A3956D46DE8}") = "Engine", "Engine", "{843B6C34-D7A0-4D44-BE4E-323C9D12C288}"
EndProject
Project("{8BC9CEB8-8B4A-11D0-8D11-00A0C91BC942}") = "Core", "Framework\Core\Core.vcxproj", "{2CF7CDBE-5444-4BA4-B1E0-6C3AA669F700}"
EndProject
Project("{8BC9CEB8-8B4A-11D0-8D11-00A0C91BC942}") = "Math", "Framework\Math\Math.vcxproj", "{40C98316-FB24-4A20-82CF-912A60D4D909}"
EndProject
Project("{8BC9CEB8-8B4A-11D0-8D11-00A0C91BC942}") = "SB", "Engine\SB\SB.vcxproj", "{90EE6EDE-DCEE-4126-A248-887ABFD0F690}"
EndProject
Project("{8BC9CEB8-8B4A-11D0-8D11-00A0C91BC942}") = "01_HelloWindow", "VGP242\01_HelloWindow\01_HelloWindow.vcxproj", "{A86F0C4E-A0D3-458A-8E17-A6E7EE72AAD6}"
EndProject
Project("{8BC9CEB8-8B4A-11D0-8D11-00A0C91BC942}") = "MathTest", "UnitTest\MathTest\MathTest.vcxproj", "{A820164D-4DD0-4DAC-9273-B7170457946F}"
EndProject
Project("{2150E333-8FDC-42A3-9474-1A3956D46DE8}") = "External", "External", "{7D808244-0F37-4257-8808-49B626E7B274}"
EndProject
Project("{8BC9CEB8-8B4A-11D0-8D11-00A0C91BC942}") = "DirectXTK_Desktop_2017", "External\DirectXTK\DirectXTK_Desktop_2017.vcxproj", "{E0B52AE7-E160-4D32-BF3F-910B785E5A8E}"
EndProject
Project("{8BC9CEB8-8B4A-11D0-8D11-00A0C91BC942}") = "Graphics", "Framework\Graphics\Graphics.vcxproj", "{06E6ABDE-CF57-4616-A611-454834E8C04A}"
EndProject
Project("{8BC9CEB8-8B4A-11D0-8D11-00A0C91BC942}") = "Input", "Framework\Input\Input.vcxproj", "{02DC0CE5-72DF-4F89-8AF2-FF9C0E351A1A}"
EndProject
Project("{8BC9CEB8-8B4A-11D0-8D11-00A0C91BC942}") = "02_HelloDirectX", "VGP242\HelloDirectX\HelloDirectX.vcxproj", "{893368C5-4F3C-4E32-9DE4-EF1E0399CE32}"
EndProject
Project("{8BC9CEB8-8B4A-11D0-8D11-00A0C91BC942}") = "03_HelloTriangle", "VGP242\03_HelloTriangle\03_HelloTriangle.vcxproj", "{D9FEA135-6919-48B3-A9E7-C6B5CF479D2A}"
EndProject
Project("{2150E333-8FDC-42A3-9474-1A3956D46DE8}") = "Assets", "Assets", "{537A1C13-D877-4C0D-B797-138350B993D9}"
EndProject
Project("{2150E333-8FDC-42A3-9474-1A3956D46DE8}") = "Shaders", "Shaders", "{53E7DEB8-422F-49B5-A251-7C05F44D5B46}"
	ProjectSection(SolutionItems) = preProject
		Assets\Shaders\DepthMap.fx = Assets\Shaders\DepthMap.fx
		Assets\Shaders\DoGouraudShading.fx = Assets\Shaders\DoGouraudShading.fx
		Assets\Shaders\DoNothing.fx = Assets\Shaders\DoNothing.fx
		Assets\Shaders\DoPhongShading.fx = Assets\Shaders\DoPhongShading.fx
		Assets\Shaders\DoSomething.fx = Assets\Shaders\DoSomething.fx
		Assets\Shaders\DoTexturing.fx = Assets\Shaders\DoTexturing.fx
		Assets\Shaders\DoTransform.fx = Assets\Shaders\DoTransform.fx
		Assets\Shaders\Earth.fx = Assets\Shaders\Earth.fx
		Assets\Shaders\PostProcessing.fx = Assets\Shaders\PostProcessing.fx
		Assets\Shaders\SimpleDraw.fx = Assets\Shaders\SimpleDraw.fx
		Assets\Shaders\Standard.fx = Assets\Shaders\Standard.fx
		Assets\Shaders\StandardShading.fx = Assets\Shaders\StandardShading.fx
		Assets\Shaders\Terrain.fx = Assets\Shaders\Terrain.fx
	EndProjectSection
EndProject
Project("{8BC9CEB8-8B4A-11D0-8D11-00A0C91BC942}") = "04_HelloShaps", "VGP242\04_HelloShaps\04_HelloShaps.vcxproj", "{E0968DBA-DB30-459B-BBBE-A310C85ECA12}"
EndProject
Project("{8BC9CEB8-8B4A-11D0-8D11-00A0C91BC942}") = "05_HelloCube", "VGP242\05_HelloCube\05_HelloCube.vcxproj", "{5A5AD85A-9736-444E-925A-ED7942E31F2F}"
EndProject
Project("{8BC9CEB8-8B4A-11D0-8D11-00A0C91BC942}") = "06_HelloTexturing", "VGP242\06_HelloTexturing\06_HelloTexturing.vcxproj", "{A9BE6421-A798-49EC-9817-0FCC5E9A4EB6}"
EndProject
Project("{8BC9CEB8-8B4A-11D0-8D11-00A0C91BC942}") = "07_HelloEarth", "VGP242\07_HelloEarth\07_HelloEarth.vcxproj", "{69C856FF-F23E-4AD1-B535-BBDB806D3D95}"
EndProject
Project("{8BC9CEB8-8B4A-11D0-8D11-00A0C91BC942}") = "ImGui", "External\ImGui\ImGui.vcxproj", "{3D790866-A63C-467F-83AC-1D801602EB5F}"
EndProject
Project("{2150E333-8FDC-42A3-9474-1A3956D46DE8}") = "VGP330", "VGP330", "{7F7DFBF3-E802-4496-B803-DF1B241AFD99}"
EndProject
Project("{8BC9CEB8-8B4A-11D0-8D11-00A0C91BC942}") = "08_HelloImGui", "VGP330\08_HelloImGui\08_HelloImGui.vcxproj", "{B06D2FED-9F53-452F-A917-3A8B79E14613}"
EndProject
Project("{8BC9CEB8-8B4A-11D0-8D11-00A0C91BC942}") = "09_HelloLighting", "VGP330\09_HelloLighting\09_HelloLighting.vcxproj", "{FEF4842F-CD76-4C9D-A287-89248EA1F78E}"
EndProject
Project("{8BC9CEB8-8B4A-11D0-8D11-00A0C91BC942}") = "10_HelloEarth", "VGP330\10_HelloEarth\10_HelloEarth.vcxproj", "{CE12BF6A-5774-49C2-9D57-F8E4D8A626FF}"
EndProject
Project("{8BC9CEB8-8B4A-11D0-8D11-00A0C91BC942}") = "11_HelloPostProcessing", "VGP330\11_HelloPostProcessing\11_HelloPostProcessing.vcxproj", "{859CDAC6-55F6-4E28-98BA-8E20A956CB43}"
EndProject
Project("{8BC9CEB8-8B4A-11D0-8D11-00A0C91BC942}") = "12_HelloShadowMapping", "VGP330\12_HelloShadowMapping\12_HelloShadowMapping.vcxproj", "{17528545-AD01-4B1C-A5B7-46D047C4D6EC}"
EndProject
Project("{8BC9CEB8-8B4A-11D0-8D11-00A0C91BC942}") = "13_HelloDynamicLightCamera", "VGP330\13_HelloDynamicLightCamera\13_HelloDynamicLightCamera.vcxproj", "{7967CF02-3BD9-4765-9588-080523AE0527}"
EndProject
Project("{8BC9CEB8-8B4A-11D0-8D11-00A0C91BC942}") = "14_HelloTerrain", "VGP330\14_HelloTerrain\14_HelloTerrain.vcxproj", "{63D09143-DA2A-4784-A1A0-1F7C6688701B}"
EndProject
Project("{2150E333-8FDC-42A3-9474-1A3956D46DE8}") = "VGP334", "VGP334", "{903B857B-F9D8-45DE-8938-7D06A585EF56}"
EndProject
Project("{8BC9CEB8-8B4A-11D0-8D11-00A0C91BC942}") = "15_HelloAnimation", "VGP334\15_HelloAnimation\15_HelloAnimation.vcxproj", "{94A8450D-EC61-4CEE-A9DA-0A11152AEB36}"
EndProject
Project("{2150E333-8FDC-42A3-9474-1A3956D46DE8}") = "Tools", "Tools", "{5DA0BC71-668A-4839-BE22-DA170D57E5B3}"
EndProject
Project("{8BC9CEB8-8B4A-11D0-8D11-00A0C91BC942}") = "16_HelloModel", "VGP334\16_HelloModel\16_HelloModel.vcxproj", "{8C5E78E6-F8EE-4440-9650-2836CE6369C2}"
EndProject
Project("{8BC9CEB8-8B4A-11D0-8D11-00A0C91BC942}") = "ModelImporter", "Tools\ModelImporter\ModelImporter.vcxproj", "{3E6B05A0-384C-4D91-BA68-6C597E8FE6E5}"
EndProject
Project("{8BC9CEB8-8B4A-11D0-8D11-00A0C91BC942}") = "17_HelloSkinnedMesh", "VGP334\17_HelloSkinnedMesh\17_HelloSkinnedMesh.vcxproj", "{9D554A25-42C5-48A6-B16F-217D72DF41FD}"
EndProject
Project("{8BC9CEB8-8B4A-11D0-8D11-00A0C91BC942}") = "18_HelloSkeletonAnimation", "VGP334\18_HelloSkeletonAnimation\18_HelloSkeletonAnimation.vcxproj", "{D0ED7202-14D2-4BB0-AA84-0EA8DD2C4056}"
EndProject
Project("{8BC9CEB8-8B4A-11D0-8D11-00A0C91BC942}") = "Physics", "Framework\Physics\Physics.vcxproj", "{A77ABE2F-D331-45FC-B41A-DE7C93DC9579}"
EndProject
Project("{8BC9CEB8-8B4A-11D0-8D11-00A0C91BC942}") = "19_HelloPhysics", "VGP334\19_HelloPhysics\19_HelloPhysics.vcxproj", "{0FACFDDF-84B9-4756-98F1-1A6C6388C1B0}"
EndProject
Project("{8BC9CEB8-8B4A-11D0-8D11-00A0C91BC942}") = "20_HelloFABRIK", "VGP334\20_HelloFABRIK\20_HelloFABRIK.vcxproj", "{58A996FC-233C-4B1C-9D78-7DF43473490E}"
EndProject
Global
	GlobalSection(SolutionConfigurationPlatforms) = preSolution
		Debug|Any CPU = Debug|Any CPU
		Debug|x64 = Debug|x64
		Debug|x86 = Debug|x86
		Release|Any CPU = Release|Any CPU
		Release|x64 = Release|x64
		Release|x86 = Release|x86
	EndGlobalSection
	GlobalSection(ProjectConfigurationPlatforms) = postSolution
		{2CF7CDBE-5444-4BA4-B1E0-6C3AA669F700}.Debug|Any CPU.ActiveCfg = Debug|Win32
		{2CF7CDBE-5444-4BA4-B1E0-6C3AA669F700}.Debug|x64.ActiveCfg = Debug|x64
		{2CF7CDBE-5444-4BA4-B1E0-6C3AA669F700}.Debug|x64.Build.0 = Debug|x64
		{2CF7CDBE-5444-4BA4-B1E0-6C3AA669F700}.Debug|x86.ActiveCfg = Debug|Win32
		{2CF7CDBE-5444-4BA4-B1E0-6C3AA669F700}.Debug|x86.Build.0 = Debug|Win32
		{2CF7CDBE-5444-4BA4-B1E0-6C3AA669F700}.Release|Any CPU.ActiveCfg = Release|Win32
		{2CF7CDBE-5444-4BA4-B1E0-6C3AA669F700}.Release|x64.ActiveCfg = Release|x64
		{2CF7CDBE-5444-4BA4-B1E0-6C3AA669F700}.Release|x64.Build.0 = Release|x64
		{2CF7CDBE-5444-4BA4-B1E0-6C3AA669F700}.Release|x86.ActiveCfg = Release|Win32
		{2CF7CDBE-5444-4BA4-B1E0-6C3AA669F700}.Release|x86.Build.0 = Release|Win32
		{40C98316-FB24-4A20-82CF-912A60D4D909}.Debug|Any CPU.ActiveCfg = Debug|Win32
		{40C98316-FB24-4A20-82CF-912A60D4D909}.Debug|x64.ActiveCfg = Debug|x64
		{40C98316-FB24-4A20-82CF-912A60D4D909}.Debug|x64.Build.0 = Debug|x64
		{40C98316-FB24-4A20-82CF-912A60D4D909}.Debug|x86.ActiveCfg = Debug|Win32
		{40C98316-FB24-4A20-82CF-912A60D4D909}.Debug|x86.Build.0 = Debug|Win32
		{40C98316-FB24-4A20-82CF-912A60D4D909}.Release|Any CPU.ActiveCfg = Release|Win32
		{40C98316-FB24-4A20-82CF-912A60D4D909}.Release|x64.ActiveCfg = Release|x64
		{40C98316-FB24-4A20-82CF-912A60D4D909}.Release|x64.Build.0 = Release|x64
		{40C98316-FB24-4A20-82CF-912A60D4D909}.Release|x86.ActiveCfg = Release|Win32
		{40C98316-FB24-4A20-82CF-912A60D4D909}.Release|x86.Build.0 = Release|Win32
		{90EE6EDE-DCEE-4126-A248-887ABFD0F690}.Debug|Any CPU.ActiveCfg = Debug|Win32
		{90EE6EDE-DCEE-4126-A248-887ABFD0F690}.Debug|x64.ActiveCfg = Debug|x64
		{90EE6EDE-DCEE-4126-A248-887ABFD0F690}.Debug|x64.Build.0 = Debug|x64
		{90EE6EDE-DCEE-4126-A248-887ABFD0F690}.Debug|x86.ActiveCfg = Debug|Win32
		{90EE6EDE-DCEE-4126-A248-887ABFD0F690}.Debug|x86.Build.0 = Debug|Win32
		{90EE6EDE-DCEE-4126-A248-887ABFD0F690}.Release|Any CPU.ActiveCfg = Release|Win32
		{90EE6EDE-DCEE-4126-A248-887ABFD0F690}.Release|x64.ActiveCfg = Release|x64
		{90EE6EDE-DCEE-4126-A248-887ABFD0F690}.Release|x64.Build.0 = Release|x64
		{90EE6EDE-DCEE-4126-A248-887ABFD0F690}.Release|x86.ActiveCfg = Release|Win32
		{90EE6EDE-DCEE-4126-A248-887ABFD0F690}.Release|x86.Build.0 = Release|Win32
		{A86F0C4E-A0D3-458A-8E17-A6E7EE72AAD6}.Debug|Any CPU.ActiveCfg = Debug|Win32
		{A86F0C4E-A0D3-458A-8E17-A6E7EE72AAD6}.Debug|x64.ActiveCfg = Debug|x64
		{A86F0C4E-A0D3-458A-8E17-A6E7EE72AAD6}.Debug|x64.Build.0 = Debug|x64
		{A86F0C4E-A0D3-458A-8E17-A6E7EE72AAD6}.Debug|x86.ActiveCfg = Debug|Win32
		{A86F0C4E-A0D3-458A-8E17-A6E7EE72AAD6}.Debug|x86.Build.0 = Debug|Win32
		{A86F0C4E-A0D3-458A-8E17-A6E7EE72AAD6}.Release|Any CPU.ActiveCfg = Release|Win32
		{A86F0C4E-A0D3-458A-8E17-A6E7EE72AAD6}.Release|x64.ActiveCfg = Release|x64
		{A86F0C4E-A0D3-458A-8E17-A6E7EE72AAD6}.Release|x64.Build.0 = Release|x64
		{A86F0C4E-A0D3-458A-8E17-A6E7EE72AAD6}.Release|x86.ActiveCfg = Release|Win32
		{A86F0C4E-A0D3-458A-8E17-A6E7EE72AAD6}.Release|x86.Build.0 = Release|Win32
		{A820164D-4DD0-4DAC-9273-B7170457946F}.Debug|Any CPU.ActiveCfg = Debug|Win32
		{A820164D-4DD0-4DAC-9273-B7170457946F}.Debug|x64.ActiveCfg = Debug|x64
		{A820164D-4DD0-4DAC-9273-B7170457946F}.Debug|x64.Build.0 = Debug|x64
		{A820164D-4DD0-4DAC-9273-B7170457946F}.Debug|x86.ActiveCfg = Debug|Win32
		{A820164D-4DD0-4DAC-9273-B7170457946F}.Debug|x86.Build.0 = Debug|Win32
		{A820164D-4DD0-4DAC-9273-B7170457946F}.Release|Any CPU.ActiveCfg = Release|Win32
		{A820164D-4DD0-4DAC-9273-B7170457946F}.Release|x64.ActiveCfg = Release|x64
		{A820164D-4DD0-4DAC-9273-B7170457946F}.Release|x64.Build.0 = Release|x64
		{A820164D-4DD0-4DAC-9273-B7170457946F}.Release|x86.ActiveCfg = Release|Win32
		{A820164D-4DD0-4DAC-9273-B7170457946F}.Release|x86.Build.0 = Release|Win32
		{E0B52AE7-E160-4D32-BF3F-910B785E5A8E}.Debug|Any CPU.ActiveCfg = Debug|Win32
		{E0B52AE7-E160-4D32-BF3F-910B785E5A8E}.Debug|x64.ActiveCfg = Debug|x64
		{E0B52AE7-E160-4D32-BF3F-910B785E5A8E}.Debug|x64.Build.0 = Debug|x64
		{E0B52AE7-E160-4D32-BF3F-910B785E5A8E}.Debug|x86.ActiveCfg = Debug|Win32
		{E0B52AE7-E160-4D32-BF3F-910B785E5A8E}.Debug|x86.Build.0 = Debug|Win32
		{E0B52AE7-E160-4D32-BF3F-910B785E5A8E}.Release|Any CPU.ActiveCfg = Release|Win32
		{E0B52AE7-E160-4D32-BF3F-910B785E5A8E}.Release|x64.ActiveCfg = Release|x64
		{E0B52AE7-E160-4D32-BF3F-910B785E5A8E}.Release|x64.Build.0 = Release|x64
		{E0B52AE7-E160-4D32-BF3F-910B785E5A8E}.Release|x86.ActiveCfg = Release|Win32
		{E0B52AE7-E160-4D32-BF3F-910B785E5A8E}.Release|x86.Build.0 = Release|Win32
		{06E6ABDE-CF57-4616-A611-454834E8C04A}.Debug|Any CPU.ActiveCfg = Debug|Win32
		{06E6ABDE-CF57-4616-A611-454834E8C04A}.Debug|x64.ActiveCfg = Debug|x64
		{06E6ABDE-CF57-4616-A611-454834E8C04A}.Debug|x64.Build.0 = Debug|x64
		{06E6ABDE-CF57-4616-A611-454834E8C04A}.Debug|x86.ActiveCfg = Debug|Win32
		{06E6ABDE-CF57-4616-A611-454834E8C04A}.Debug|x86.Build.0 = Debug|Win32
		{06E6ABDE-CF57-4616-A611-454834E8C04A}.Release|Any CPU.ActiveCfg = Release|Win32
		{06E6ABDE-CF57-4616-A611-454834E8C04A}.Release|x64.ActiveCfg = Release|x64
		{06E6ABDE-CF57-4616-A611-454834E8C04A}.Release|x64.Build.0 = Release|x64
		{06E6ABDE-CF57-4616-A611-454834E8C04A}.Release|x86.ActiveCfg = Release|Win32
		{06E6ABDE-CF57-4616-A611-454834E8C04A}.Release|x86.Build.0 = Release|Win32
		{02DC0CE5-72DF-4F89-8AF2-FF9C0E351A1A}.Debug|Any CPU.ActiveCfg = Debug|Win32
		{02DC0CE5-72DF-4F89-8AF2-FF9C0E351A1A}.Debug|x64.ActiveCfg = Debug|x64
		{02DC0CE5-72DF-4F89-8AF2-FF9C0E351A1A}.Debug|x64.Build.0 = Debug|x64
		{02DC0CE5-72DF-4F89-8AF2-FF9C0E351A1A}.Debug|x86.ActiveCfg = Debug|Win32
		{02DC0CE5-72DF-4F89-8AF2-FF9C0E351A1A}.Debug|x86.Build.0 = Debug|Win32
		{02DC0CE5-72DF-4F89-8AF2-FF9C0E351A1A}.Release|Any CPU.ActiveCfg = Release|Win32
		{02DC0CE5-72DF-4F89-8AF2-FF9C0E351A1A}.Release|x64.ActiveCfg = Release|x64
		{02DC0CE5-72DF-4F89-8AF2-FF9C0E351A1A}.Release|x64.Build.0 = Release|x64
		{02DC0CE5-72DF-4F89-8AF2-FF9C0E351A1A}.Release|x86.ActiveCfg = Release|Win32
		{02DC0CE5-72DF-4F89-8AF2-FF9C0E351A1A}.Release|x86.Build.0 = Release|Win32
		{893368C5-4F3C-4E32-9DE4-EF1E0399CE32}.Debug|Any CPU.ActiveCfg = Debug|Win32
		{893368C5-4F3C-4E32-9DE4-EF1E0399CE32}.Debug|x64.ActiveCfg = Debug|x64
		{893368C5-4F3C-4E32-9DE4-EF1E0399CE32}.Debug|x64.Build.0 = Debug|x64
		{893368C5-4F3C-4E32-9DE4-EF1E0399CE32}.Debug|x86.ActiveCfg = Debug|Win32
		{893368C5-4F3C-4E32-9DE4-EF1E0399CE32}.Debug|x86.Build.0 = Debug|Win32
		{893368C5-4F3C-4E32-9DE4-EF1E0399CE32}.Release|Any CPU.ActiveCfg = Release|Win32
		{893368C5-4F3C-4E32-9DE4-EF1E0399CE32}.Release|x64.ActiveCfg = Release|x64
		{893368C5-4F3C-4E32-9DE4-EF1E0399CE32}.Release|x64.Build.0 = Release|x64
		{893368C5-4F3C-4E32-9DE4-EF1E0399CE32}.Release|x86.ActiveCfg = Release|Win32
		{893368C5-4F3C-4E32-9DE4-EF1E0399CE32}.Release|x86.Build.0 = Release|Win32
		{D9FEA135-6919-48B3-A9E7-C6B5CF479D2A}.Debug|Any CPU.ActiveCfg = Debug|Win32
		{D9FEA135-6919-48B3-A9E7-C6B5CF479D2A}.Debug|x64.ActiveCfg = Debug|x64
		{D9FEA135-6919-48B3-A9E7-C6B5CF479D2A}.Debug|x64.Build.0 = Debug|x64
		{D9FEA135-6919-48B3-A9E7-C6B5CF479D2A}.Debug|x86.ActiveCfg = Debug|Win32
		{D9FEA135-6919-48B3-A9E7-C6B5CF479D2A}.Debug|x86.Build.0 = Debug|Win32
		{D9FEA135-6919-48B3-A9E7-C6B5CF479D2A}.Release|Any CPU.ActiveCfg = Release|Win32
		{D9FEA135-6919-48B3-A9E7-C6B5CF479D2A}.Release|x64.ActiveCfg = Release|x64
		{D9FEA135-6919-48B3-A9E7-C6B5CF479D2A}.Release|x64.Build.0 = Release|x64
		{D9FEA135-6919-48B3-A9E7-C6B5CF479D2A}.Release|x86.ActiveCfg = Release|Win32
		{D9FEA135-6919-48B3-A9E7-C6B5CF479D2A}.Release|x86.Build.0 = Release|Win32
		{E0968DBA-DB30-459B-BBBE-A310C85ECA12}.Debug|Any CPU.ActiveCfg = Debug|Win32
		{E0968DBA-DB30-459B-BBBE-A310C85ECA12}.Debug|x64.ActiveCfg = Debug|x64
		{E0968DBA-DB30-459B-BBBE-A310C85ECA12}.Debug|x64.Build.0 = Debug|x64
		{E0968DBA-DB30-459B-BBBE-A310C85ECA12}.Debug|x86.ActiveCfg = Debug|Win32
		{E0968DBA-DB30-459B-BBBE-A310C85ECA12}.Debug|x86.Build.0 = Debug|Win32
		{E0968DBA-DB30-459B-BBBE-A310C85ECA12}.Release|Any CPU.ActiveCfg = Release|Win32
		{E0968DBA-DB30-459B-BBBE-A310C85ECA12}.Release|x64.ActiveCfg = Release|x64
		{E0968DBA-DB30-459B-BBBE-A310C85ECA12}.Release|x64.Build.0 = Release|x64
		{E0968DBA-DB30-459B-BBBE-A310C85ECA12}.Release|x86.ActiveCfg = Release|Win32
		{E0968DBA-DB30-459B-BBBE-A310C85ECA12}.Release|x86.Build.0 = Release|Win32
		{5A5AD85A-9736-444E-925A-ED7942E31F2F}.Debug|Any CPU.ActiveCfg = Debug|Win32
		{5A5AD85A-9736-444E-925A-ED7942E31F2F}.Debug|x64.ActiveCfg = Debug|x64
		{5A5AD85A-9736-444E-925A-ED7942E31F2F}.Debug|x64.Build.0 = Debug|x64
		{5A5AD85A-9736-444E-925A-ED7942E31F2F}.Debug|x86.ActiveCfg = Debug|Win32
		{5A5AD85A-9736-444E-925A-ED7942E31F2F}.Debug|x86.Build.0 = Debug|Win32
		{5A5AD85A-9736-444E-925A-ED7942E31F2F}.Release|Any CPU.ActiveCfg = Release|Win32
		{5A5AD85A-9736-444E-925A-ED7942E31F2F}.Release|x64.ActiveCfg = Release|x64
		{5A5AD85A-9736-444E-925A-ED7942E31F2F}.Release|x64.Build.0 = Release|x64
		{5A5AD85A-9736-444E-925A-ED7942E31F2F}.Release|x86.ActiveCfg = Release|Win32
		{5A5AD85A-9736-444E-925A-ED7942E31F2F}.Release|x86.Build.0 = Release|Win32
		{A9BE6421-A798-49EC-9817-0FCC5E9A4EB6}.Debug|Any CPU.ActiveCfg = Debug|Win32
		{A9BE6421-A798-49EC-9817-0FCC5E9A4EB6}.Debug|x64.ActiveCfg = Debug|x64
		{A9BE6421-A798-49EC-9817-0FCC5E9A4EB6}.Debug|x64.Build.0 = Debug|x64
		{A9BE6421-A798-49EC-9817-0FCC5E9A4EB6}.Debug|x86.ActiveCfg = Debug|Win32
		{A9BE6421-A798-49EC-9817-0FCC5E9A4EB6}.Debug|x86.Build.0 = Debug|Win32
		{A9BE6421-A798-49EC-9817-0FCC5E9A4EB6}.Release|Any CPU.ActiveCfg = Release|Win32
		{A9BE6421-A798-49EC-9817-0FCC5E9A4EB6}.Release|x64.ActiveCfg = Release|x64
		{A9BE6421-A798-49EC-9817-0FCC5E9A4EB6}.Release|x64.Build.0 = Release|x64
		{A9BE6421-A798-49EC-9817-0FCC5E9A4EB6}.Release|x86.ActiveCfg = Release|Win32
		{A9BE6421-A798-49EC-9817-0FCC5E9A4EB6}.Release|x86.Build.0 = Release|Win32
		{69C856FF-F23E-4AD1-B535-BBDB806D3D95}.Debug|Any CPU.ActiveCfg = Debug|Win32
		{69C856FF-F23E-4AD1-B535-BBDB806D3D95}.Debug|x64.ActiveCfg = Debug|x64
		{69C856FF-F23E-4AD1-B535-BBDB806D3D95}.Debug|x64.Build.0 = Debug|x64
		{69C856FF-F23E-4AD1-B535-BBDB806D3D95}.Debug|x86.ActiveCfg = Debug|Win32
		{69C856FF-F23E-4AD1-B535-BBDB806D3D95}.Debug|x86.Build.0 = Debug|Win32
		{69C856FF-F23E-4AD1-B535-BBDB806D3D95}.Release|Any CPU.ActiveCfg = Release|Win32
		{69C856FF-F23E-4AD1-B535-BBDB806D3D95}.Release|x64.ActiveCfg = Release|x64
		{69C856FF-F23E-4AD1-B535-BBDB806D3D95}.Release|x64.Build.0 = Release|x64
		{69C856FF-F23E-4AD1-B535-BBDB806D3D95}.Release|x86.ActiveCfg = Release|Win32
		{69C856FF-F23E-4AD1-B535-BBDB806D3D95}.Release|x86.Build.0 = Release|Win32
		{3D790866-A63C-467F-83AC-1D801602EB5F}.Debug|Any CPU.ActiveCfg = Debug|Win32
		{3D790866-A63C-467F-83AC-1D801602EB5F}.Debug|x64.ActiveCfg = Debug|x64
		{3D790866-A63C-467F-83AC-1D801602EB5F}.Debug|x64.Build.0 = Debug|x64
		{3D790866-A63C-467F-83AC-1D801602EB5F}.Debug|x86.ActiveCfg = Debug|Win32
		{3D790866-A63C-467F-83AC-1D801602EB5F}.Debug|x86.Build.0 = Debug|Win32
		{3D790866-A63C-467F-83AC-1D801602EB5F}.Release|Any CPU.ActiveCfg = Release|Win32
		{3D790866-A63C-467F-83AC-1D801602EB5F}.Release|x64.ActiveCfg = Release|x64
		{3D790866-A63C-467F-83AC-1D801602EB5F}.Release|x64.Build.0 = Release|x64
		{3D790866-A63C-467F-83AC-1D801602EB5F}.Release|x86.ActiveCfg = Release|Win32
		{3D790866-A63C-467F-83AC-1D801602EB5F}.Release|x86.Build.0 = Release|Win32
		{B06D2FED-9F53-452F-A917-3A8B79E14613}.Debug|Any CPU.ActiveCfg = Debug|Win32
		{B06D2FED-9F53-452F-A917-3A8B79E14613}.Debug|x64.ActiveCfg = Debug|x64
		{B06D2FED-9F53-452F-A917-3A8B79E14613}.Debug|x64.Build.0 = Debug|x64
		{B06D2FED-9F53-452F-A917-3A8B79E14613}.Debug|x86.ActiveCfg = Debug|Win32
		{B06D2FED-9F53-452F-A917-3A8B79E14613}.Debug|x86.Build.0 = Debug|Win32
		{B06D2FED-9F53-452F-A917-3A8B79E14613}.Release|Any CPU.ActiveCfg = Release|Win32
		{B06D2FED-9F53-452F-A917-3A8B79E14613}.Release|x64.ActiveCfg = Release|x64
		{B06D2FED-9F53-452F-A917-3A8B79E14613}.Release|x64.Build.0 = Release|x64
		{B06D2FED-9F53-452F-A917-3A8B79E14613}.Release|x86.ActiveCfg = Release|Win32
		{B06D2FED-9F53-452F-A917-3A8B79E14613}.Release|x86.Build.0 = Release|Win32
		{FEF4842F-CD76-4C9D-A287-89248EA1F78E}.Debug|Any CPU.ActiveCfg = Debug|Win32
		{FEF4842F-CD76-4C9D-A287-89248EA1F78E}.Debug|x64.ActiveCfg = Debug|x64
		{FEF4842F-CD76-4C9D-A287-89248EA1F78E}.Debug|x64.Build.0 = Debug|x64
		{FEF4842F-CD76-4C9D-A287-89248EA1F78E}.Debug|x86.ActiveCfg = Debug|Win32
		{FEF4842F-CD76-4C9D-A287-89248EA1F78E}.Debug|x86.Build.0 = Debug|Win32
		{FEF4842F-CD76-4C9D-A287-89248EA1F78E}.Release|Any CPU.ActiveCfg = Release|Win32
		{FEF4842F-CD76-4C9D-A287-89248EA1F78E}.Release|x64.ActiveCfg = Release|x64
		{FEF4842F-CD76-4C9D-A287-89248EA1F78E}.Release|x64.Build.0 = Release|x64
		{FEF4842F-CD76-4C9D-A287-89248EA1F78E}.Release|x86.ActiveCfg = Release|Win32
		{FEF4842F-CD76-4C9D-A287-89248EA1F78E}.Release|x86.Build.0 = Release|Win32
		{CE12BF6A-5774-49C2-9D57-F8E4D8A626FF}.Debug|Any CPU.ActiveCfg = Debug|Win32
		{CE12BF6A-5774-49C2-9D57-F8E4D8A626FF}.Debug|x64.ActiveCfg = Debug|x64
		{CE12BF6A-5774-49C2-9D57-F8E4D8A626FF}.Debug|x64.Build.0 = Debug|x64
		{CE12BF6A-5774-49C2-9D57-F8E4D8A626FF}.Debug|x86.ActiveCfg = Debug|Win32
		{CE12BF6A-5774-49C2-9D57-F8E4D8A626FF}.Debug|x86.Build.0 = Debug|Win32
		{CE12BF6A-5774-49C2-9D57-F8E4D8A626FF}.Release|Any CPU.ActiveCfg = Release|Win32
		{CE12BF6A-5774-49C2-9D57-F8E4D8A626FF}.Release|x64.ActiveCfg = Release|x64
		{CE12BF6A-5774-49C2-9D57-F8E4D8A626FF}.Release|x64.Build.0 = Release|x64
		{CE12BF6A-5774-49C2-9D57-F8E4D8A626FF}.Release|x86.ActiveCfg = Release|Win32
		{CE12BF6A-5774-49C2-9D57-F8E4D8A626FF}.Release|x86.Build.0 = Release|Win32
		{859CDAC6-55F6-4E28-98BA-8E20A956CB43}.Debug|Any CPU.ActiveCfg = Debug|Win32
		{859CDAC6-55F6-4E28-98BA-8E20A956CB43}.Debug|x64.ActiveCfg = Debug|x64
		{859CDAC6-55F6-4E28-98BA-8E20A956CB43}.Debug|x64.Build.0 = Debug|x64
		{859CDAC6-55F6-4E28-98BA-8E20A956CB43}.Debug|x86.ActiveCfg = Debug|Win32
		{859CDAC6-55F6-4E28-98BA-8E20A956CB43}.Debug|x86.Build.0 = Debug|Win32
		{859CDAC6-55F6-4E28-98BA-8E20A956CB43}.Release|Any CPU.ActiveCfg = Release|Win32
		{859CDAC6-55F6-4E28-98BA-8E20A956CB43}.Release|x64.ActiveCfg = Release|x64
		{859CDAC6-55F6-4E28-98BA-8E20A956CB43}.Release|x64.Build.0 = Release|x64
		{859CDAC6-55F6-4E28-98BA-8E20A956CB43}.Release|x86.ActiveCfg = Release|Win32
		{859CDAC6-55F6-4E28-98BA-8E20A956CB43}.Release|x86.Build.0 = Release|Win32
		{17528545-AD01-4B1C-A5B7-46D047C4D6EC}.Debug|Any CPU.ActiveCfg = Debug|Win32
		{17528545-AD01-4B1C-A5B7-46D047C4D6EC}.Debug|x64.ActiveCfg = Debug|x64
		{17528545-AD01-4B1C-A5B7-46D047C4D6EC}.Debug|x64.Build.0 = Debug|x64
		{17528545-AD01-4B1C-A5B7-46D047C4D6EC}.Debug|x86.ActiveCfg = Debug|Win32
		{17528545-AD01-4B1C-A5B7-46D047C4D6EC}.Debug|x86.Build.0 = Debug|Win32
		{17528545-AD01-4B1C-A5B7-46D047C4D6EC}.Release|Any CPU.ActiveCfg = Release|Win32
		{17528545-AD01-4B1C-A5B7-46D047C4D6EC}.Release|x64.ActiveCfg = Release|x64
		{17528545-AD01-4B1C-A5B7-46D047C4D6EC}.Release|x64.Build.0 = Release|x64
		{17528545-AD01-4B1C-A5B7-46D047C4D6EC}.Release|x86.ActiveCfg = Release|Win32
		{17528545-AD01-4B1C-A5B7-46D047C4D6EC}.Release|x86.Build.0 = Release|Win32
		{7967CF02-3BD9-4765-9588-080523AE0527}.Debug|Any CPU.ActiveCfg = Debug|Win32
		{7967CF02-3BD9-4765-9588-080523AE0527}.Debug|x64.ActiveCfg = Debug|x64
		{7967CF02-3BD9-4765-9588-080523AE0527}.Debug|x64.Build.0 = Debug|x64
		{7967CF02-3BD9-4765-9588-080523AE0527}.Debug|x86.ActiveCfg = Debug|Win32
		{7967CF02-3BD9-4765-9588-080523AE0527}.Debug|x86.Build.0 = Debug|Win32
		{7967CF02-3BD9-4765-9588-080523AE0527}.Release|Any CPU.ActiveCfg = Release|Win32
		{7967CF02-3BD9-4765-9588-080523AE0527}.Release|x64.ActiveCfg = Release|x64
		{7967CF02-3BD9-4765-9588-080523AE0527}.Release|x64.Build.0 = Release|x64
		{7967CF02-3BD9-4765-9588-080523AE0527}.Release|x86.ActiveCfg = Release|Win32
		{7967CF02-3BD9-4765-9588-080523AE0527}.Release|x86.Build.0 = Release|Win32
		{63D09143-DA2A-4784-A1A0-1F7C6688701B}.Debug|Any CPU.ActiveCfg = Debug|Win32
		{63D09143-DA2A-4784-A1A0-1F7C6688701B}.Debug|x64.ActiveCfg = Debug|x64
		{63D09143-DA2A-4784-A1A0-1F7C6688701B}.Debug|x64.Build.0 = Debug|x64
		{63D09143-DA2A-4784-A1A0-1F7C6688701B}.Debug|x86.ActiveCfg = Debug|Win32
		{63D09143-DA2A-4784-A1A0-1F7C6688701B}.Debug|x86.Build.0 = Debug|Win32
		{63D09143-DA2A-4784-A1A0-1F7C6688701B}.Release|Any CPU.ActiveCfg = Release|Win32
		{63D09143-DA2A-4784-A1A0-1F7C6688701B}.Release|x64.ActiveCfg = Release|x64
		{63D09143-DA2A-4784-A1A0-1F7C6688701B}.Release|x64.Build.0 = Release|x64
		{63D09143-DA2A-4784-A1A0-1F7C6688701B}.Release|x86.ActiveCfg = Release|Win32
		{63D09143-DA2A-4784-A1A0-1F7C6688701B}.Release|x86.Build.0 = Release|Win32
		{94A8450D-EC61-4CEE-A9DA-0A11152AEB36}.Debug|Any CPU.ActiveCfg = Debug|Win32
		{94A8450D-EC61-4CEE-A9DA-0A11152AEB36}.Debug|x64.ActiveCfg = Debug|x64
		{94A8450D-EC61-4CEE-A9DA-0A11152AEB36}.Debug|x64.Build.0 = Debug|x64
		{94A8450D-EC61-4CEE-A9DA-0A11152AEB36}.Debug|x86.ActiveCfg = Debug|Win32
		{94A8450D-EC61-4CEE-A9DA-0A11152AEB36}.Debug|x86.Build.0 = Debug|Win32
		{94A8450D-EC61-4CEE-A9DA-0A11152AEB36}.Release|Any CPU.ActiveCfg = Release|Win32
		{94A8450D-EC61-4CEE-A9DA-0A11152AEB36}.Release|x64.ActiveCfg = Release|x64
		{94A8450D-EC61-4CEE-A9DA-0A11152AEB36}.Release|x64.Build.0 = Release|x64
		{94A8450D-EC61-4CEE-A9DA-0A11152AEB36}.Release|x86.ActiveCfg = Release|Win32
		{94A8450D-EC61-4CEE-A9DA-0A11152AEB36}.Release|x86.Build.0 = Release|Win32
		{8C5E78E6-F8EE-4440-9650-2836CE6369C2}.Debug|Any CPU.ActiveCfg = Debug|Win32
		{8C5E78E6-F8EE-4440-9650-2836CE6369C2}.Debug|x64.ActiveCfg = Debug|x64
		{8C5E78E6-F8EE-4440-9650-2836CE6369C2}.Debug|x64.Build.0 = Debug|x64
		{8C5E78E6-F8EE-4440-9650-2836CE6369C2}.Debug|x86.ActiveCfg = Debug|Win32
		{8C5E78E6-F8EE-4440-9650-2836CE6369C2}.Debug|x86.Build.0 = Debug|Win32
		{8C5E78E6-F8EE-4440-9650-2836CE6369C2}.Release|Any CPU.ActiveCfg = Release|Win32
		{8C5E78E6-F8EE-4440-9650-2836CE6369C2}.Release|x64.ActiveCfg = Release|x64
		{8C5E78E6-F8EE-4440-9650-2836CE6369C2}.Release|x64.Build.0 = Release|x64
		{8C5E78E6-F8EE-4440-9650-2836CE6369C2}.Release|x86.ActiveCfg = Release|Win32
		{8C5E78E6-F8EE-4440-9650-2836CE6369C2}.Release|x86.Build.0 = Release|Win32
		{3E6B05A0-384C-4D91-BA68-6C597E8FE6E5}.Debug|Any CPU.ActiveCfg = Debug|Win32
		{3E6B05A0-384C-4D91-BA68-6C597E8FE6E5}.Debug|x64.ActiveCfg = Debug|x64
		{3E6B05A0-384C-4D91-BA68-6C597E8FE6E5}.Debug|x64.Build.0 = Debug|x64
		{3E6B05A0-384C-4D91-BA68-6C597E8FE6E5}.Debug|x86.ActiveCfg = Debug|Win32
		{3E6B05A0-384C-4D91-BA68-6C597E8FE6E5}.Debug|x86.Build.0 = Debug|Win32
		{3E6B05A0-384C-4D91-BA68-6C597E8FE6E5}.Release|Any CPU.ActiveCfg = Release|Win32
		{3E6B05A0-384C-4D91-BA68-6C597E8FE6E5}.Release|x64.ActiveCfg = Release|x64
		{3E6B05A0-384C-4D91-BA68-6C597E8FE6E5}.Release|x64.Build.0 = Release|x64
		{3E6B05A0-384C-4D91-BA68-6C597E8FE6E5}.Release|x86.ActiveCfg = Release|Win32
		{3E6B05A0-384C-4D91-BA68-6C597E8FE6E5}.Release|x86.Build.0 = Release|Win32
		{9D554A25-42C5-48A6-B16F-217D72DF41FD}.Debug|Any CPU.ActiveCfg = Debug|Win32
		{9D554A25-42C5-48A6-B16F-217D72DF41FD}.Debug|x64.ActiveCfg = Debug|x64
		{9D554A25-42C5-48A6-B16F-217D72DF41FD}.Debug|x64.Build.0 = Debug|x64
		{9D554A25-42C5-48A6-B16F-217D72DF41FD}.Debug|x86.ActiveCfg = Debug|Win32
		{9D554A25-42C5-48A6-B16F-217D72DF41FD}.Debug|x86.Build.0 = Debug|Win32
		{9D554A25-42C5-48A6-B16F-217D72DF41FD}.Release|Any CPU.ActiveCfg = Release|Win32
		{9D554A25-42C5-48A6-B16F-217D72DF41FD}.Release|x64.ActiveCfg = Release|x64
		{9D554A25-42C5-48A6-B16F-217D72DF41FD}.Release|x64.Build.0 = Release|x64
		{9D554A25-42C5-48A6-B16F-217D72DF41FD}.Release|x86.ActiveCfg = Release|Win32
		{9D554A25-42C5-48A6-B16F-217D72DF41FD}.Release|x86.Build.0 = Release|Win32
		{D0ED7202-14D2-4BB0-AA84-0EA8DD2C4056}.Debug|Any CPU.ActiveCfg = Debug|Win32
		{D0ED7202-14D2-4BB0-AA84-0EA8DD2C4056}.Debug|x64.ActiveCfg = Debug|x64
		{D0ED7202-14D2-4BB0-AA84-0EA8DD2C4056}.Debug|x64.Build.0 = Debug|x64
		{D0ED7202-14D2-4BB0-AA84-0EA8DD2C4056}.Debug|x86.ActiveCfg = Debug|Win32
		{D0ED7202-14D2-4BB0-AA84-0EA8DD2C4056}.Debug|x86.Build.0 = Debug|Win32
		{D0ED7202-14D2-4BB0-AA84-0EA8DD2C4056}.Release|Any CPU.ActiveCfg = Release|Win32
		{D0ED7202-14D2-4BB0-AA84-0EA8DD2C4056}.Release|x64.ActiveCfg = Release|x64
		{D0ED7202-14D2-4BB0-AA84-0EA8DD2C4056}.Release|x64.Build.0 = Release|x64
		{D0ED7202-14D2-4BB0-AA84-0EA8DD2C4056}.Release|x86.ActiveCfg = Release|Win32
		{D0ED7202-14D2-4BB0-AA84-0EA8DD2C4056}.Release|x86.Build.0 = Release|Win32
		{A77ABE2F-D331-45FC-B41A-DE7C93DC9579}.Debug|Any CPU.ActiveCfg = Debug|Win32
		{A77ABE2F-D331-45FC-B41A-DE7C93DC9579}.Debug|x64.ActiveCfg = Debug|x64
		{A77ABE2F-D331-45FC-B41A-DE7C93DC9579}.Debug|x64.Build.0 = Debug|x64
		{A77ABE2F-D331-45FC-B41A-DE7C93DC9579}.Debug|x86.ActiveCfg = Debug|Win32
		{A77ABE2F-D331-45FC-B41A-DE7C93DC9579}.Debug|x86.Build.0 = Debug|Win32
		{A77ABE2F-D331-45FC-B41A-DE7C93DC9579}.Release|Any CPU.ActiveCfg = Release|Win32
		{A77ABE2F-D331-45FC-B41A-DE7C93DC9579}.Release|x64.ActiveCfg = Release|x64
		{A77ABE2F-D331-45FC-B41A-DE7C93DC9579}.Release|x64.Build.0 = Release|x64
		{A77ABE2F-D331-45FC-B41A-DE7C93DC9579}.Release|x86.ActiveCfg = Release|Win32
		{A77ABE2F-D331-45FC-B41A-DE7C93DC9579}.Release|x86.Build.0 = Release|Win32
		{0FACFDDF-84B9-4756-98F1-1A6C6388C1B0}.Debug|Any CPU.ActiveCfg = Debug|Win32
		{0FACFDDF-84B9-4756-98F1-1A6C6388C1B0}.Debug|x64.ActiveCfg = Debug|x64
		{0FACFDDF-84B9-4756-98F1-1A6C6388C1B0}.Debug|x64.Build.0 = Debug|x64
		{0FACFDDF-84B9-4756-98F1-1A6C6388C1B0}.Debug|x86.ActiveCfg = Debug|Win32
		{0FACFDDF-84B9-4756-98F1-1A6C6388C1B0}.Debug|x86.Build.0 = Debug|Win32
		{0FACFDDF-84B9-4756-98F1-1A6C6388C1B0}.Release|Any CPU.ActiveCfg = Release|Win32
		{0FACFDDF-84B9-4756-98F1-1A6C6388C1B0}.Release|x64.ActiveCfg = Release|x64
		{0FACFDDF-84B9-4756-98F1-1A6C6388C1B0}.Release|x64.Build.0 = Release|x64
		{0FACFDDF-84B9-4756-98F1-1A6C6388C1B0}.Release|x86.ActiveCfg = Release|Win32
		{0FACFDDF-84B9-4756-98F1-1A6C6388C1B0}.Release|x86.Build.0 = Release|Win32
		{58A996FC-233C-4B1C-9D78-7DF43473490E}.Debug|Any CPU.ActiveCfg = Debug|Win32
		{58A996FC-233C-4B1C-9D78-7DF43473490E}.Debug|x64.ActiveCfg = Debug|x64
		{58A996FC-233C-4B1C-9D78-7DF43473490E}.Debug|x64.Build.0 = Debug|x64
		{58A996FC-233C-4B1C-9D78-7DF43473490E}.Debug|x86.ActiveCfg = Debug|Win32
		{58A996FC-233C-4B1C-9D78-7DF43473490E}.Debug|x86.Build.0 = Debug|Win32
		{58A996FC-233C-4B1C-9D78-7DF43473490E}.Release|Any CPU.ActiveCfg = Release|Win32
		{58A996FC-233C-4B1C-9D78-7DF43473490E}.Release|x64.ActiveCfg = Release|x64
		{58A996FC-233C-4B1C-9D78-7DF43473490E}.Release|x64.Build.0 = Release|x64
		{58A996FC-233C-4B1C-9D78-7DF43473490E}.Release|x86.ActiveCfg = Release|Win32
		{58A996FC-233C-4B1C-9D78-7DF43473490E}.Release|x86.Build.0 = Release|Win32
	EndGlobalSection
	GlobalSection(SolutionProperties) = preSolution
		HideSolutionNode = FALSE
	EndGlobalSection
	GlobalSection(NestedProjects) = preSolution
		{2CF7CDBE-5444-4BA4-B1E0-6C3AA669F700} = {D03C5798-BF31-47CD-BA6C-FB10E9373E43}
		{40C98316-FB24-4A20-82CF-912A60D4D909} = {D03C5798-BF31-47CD-BA6C-FB10E9373E43}
		{90EE6EDE-DCEE-4126-A248-887ABFD0F690} = {843B6C34-D7A0-4D44-BE4E-323C9D12C288}
		{A86F0C4E-A0D3-458A-8E17-A6E7EE72AAD6} = {16B616C5-FAFB-453B-AACD-C7199684BAFD}
		{A820164D-4DD0-4DAC-9273-B7170457946F} = {6BCFD8FD-A59A-44BF-A666-D7EA0CE51C79}
		{E0B52AE7-E160-4D32-BF3F-910B785E5A8E} = {7D808244-0F37-4257-8808-49B626E7B274}
		{06E6ABDE-CF57-4616-A611-454834E8C04A} = {D03C5798-BF31-47CD-BA6C-FB10E9373E43}
		{02DC0CE5-72DF-4F89-8AF2-FF9C0E351A1A} = {D03C5798-BF31-47CD-BA6C-FB10E9373E43}
		{893368C5-4F3C-4E32-9DE4-EF1E0399CE32} = {16B616C5-FAFB-453B-AACD-C7199684BAFD}
		{D9FEA135-6919-48B3-A9E7-C6B5CF479D2A} = {16B616C5-FAFB-453B-AACD-C7199684BAFD}
		{53E7DEB8-422F-49B5-A251-7C05F44D5B46} = {537A1C13-D877-4C0D-B797-138350B993D9}
		{E0968DBA-DB30-459B-BBBE-A310C85ECA12} = {16B616C5-FAFB-453B-AACD-C7199684BAFD}
		{5A5AD85A-9736-444E-925A-ED7942E31F2F} = {16B616C5-FAFB-453B-AACD-C7199684BAFD}
		{A9BE6421-A798-49EC-9817-0FCC5E9A4EB6} = {16B616C5-FAFB-453B-AACD-C7199684BAFD}
		{69C856FF-F23E-4AD1-B535-BBDB806D3D95} = {16B616C5-FAFB-453B-AACD-C7199684BAFD}
		{3D790866-A63C-467F-83AC-1D801602EB5F} = {7D808244-0F37-4257-8808-49B626E7B274}
		{B06D2FED-9F53-452F-A917-3A8B79E14613} = {7F7DFBF3-E802-4496-B803-DF1B241AFD99}
		{FEF4842F-CD76-4C9D-A287-89248EA1F78E} = {7F7DFBF3-E802-4496-B803-DF1B241AFD99}
		{CE12BF6A-5774-49C2-9D57-F8E4D8A626FF} = {7F7DFBF3-E802-4496-B803-DF1B241AFD99}
		{859CDAC6-55F6-4E28-98BA-8E20A956CB43} = {7F7DFBF3-E802-4496-B803-DF1B241AFD99}
		{17528545-AD01-4B1C-A5B7-46D047C4D6EC} = {7F7DFBF3-E802-4496-B803-DF1B241AFD99}
		{7967CF02-3BD9-4765-9588-080523AE0527} = {7F7DFBF3-E802-4496-B803-DF1B241AFD99}
		{63D09143-DA2A-4784-A1A0-1F7C6688701B} = {7F7DFBF3-E802-4496-B803-DF1B241AFD99}
		{94A8450D-EC61-4CEE-A9DA-0A11152AEB36} = {903B857B-F9D8-45DE-8938-7D06A585EF56}
		{8C5E78E6-F8EE-4440-9650-2836CE6369C2} = {903B857B-F9D8-45DE-8938-7D06A585EF56}
		{3E6B05A0-384C-4D91-BA68-6C597E8FE6E5} = {5DA0BC71-668A-4839-BE22-DA170D57E5B3}
		{9D554A25-42C5-48A6-B16F-217D72DF41FD} = {903B857B-F9D8-45DE-8938-7D06A585EF56}
		{D0ED7202-14D2-4BB0-AA84-0EA8DD2C4056} = {903B857B-F9D8-45DE-8938-7D06A585EF56}
		{A77ABE2F-D331-45FC-B41A-DE7C93DC9579} = {D03C5798-BF31-47CD-BA6C-FB10E9373E43}
		{0FACFDDF-84B9-4756-98F1-1A6C6388C1B0} = {903B857B-F9D8-45DE-8938-7D06A585EF56}
		{58A996FC-233C-4B1C-9D78-7DF43473490E} = {903B857B-F9D8-45DE-8938-7D06A585EF56}
	EndGlobalSection
	GlobalSection(ExtensibilityGlobals) = postSolution
		SolutionGuid = {454E1B40-AF54-4F23-8033-FD250F27E3BC}
	EndGlobalSection
EndGlobal
